
Microsoft Visual Studio Solution File, Format Version 12.00
# Visual Studio 15
VisualStudioVersion = 15.0.27130.2036
MinimumVisualStudioVersion = 10.0.40219.1
Project("{9A19103F-16F7-4668-BE54-9A1E7A4F7556}") = "OcticonApi", "OcticonApi\OcticonApi.csproj", "{BD639A3B-F3AF-47C6-ABEF-7C19126E1AFB}"
	ProjectSection(ProjectDependencies) = postProject
		{F8FFDDBC-01C6-4056-9F80-C0DCE5344FEC} = {F8FFDDBC-01C6-4056-9F80-C0DCE5344FEC}
	EndProjectSection
EndProject
Project("{FAE04EC0-301F-11D3-BF4B-00C04F79EFBC}") = "OcticonApi.Core", "OcticonApi.Core\OcticonApi.Core.csproj", "{F8FFDDBC-01C6-4056-9F80-C0DCE5344FEC}"
EndProject
Global
	GlobalSection(SolutionConfigurationPlatforms) = preSolution
		Debug|Any CPU = Debug|Any CPU
		Release|Any CPU = Release|Any CPU
	EndGlobalSection
	GlobalSection(ProjectConfigurationPlatforms) = postSolution
		{BD639A3B-F3AF-47C6-ABEF-7C19126E1AFB}.Debug|Any CPU.ActiveCfg = Debug|Any CPU
		{BD639A3B-F3AF-47C6-ABEF-7C19126E1AFB}.Debug|Any CPU.Build.0 = Debug|Any CPU
		{BD639A3B-F3AF-47C6-ABEF-7C19126E1AFB}.Release|Any CPU.ActiveCfg = Release|Any CPU
		{BD639A3B-F3AF-47C6-ABEF-7C19126E1AFB}.Release|Any CPU.Build.0 = Release|Any CPU
		{F8FFDDBC-01C6-4056-9F80-C0DCE5344FEC}.Debug|Any CPU.ActiveCfg = Debug|Any CPU
		{F8FFDDBC-01C6-4056-9F80-C0DCE5344FEC}.Debug|Any CPU.Build.0 = Debug|Any CPU
		{F8FFDDBC-01C6-4056-9F80-C0DCE5344FEC}.Release|Any CPU.ActiveCfg = Release|Any CPU
		{F8FFDDBC-01C6-4056-9F80-C0DCE5344FEC}.Release|Any CPU.Build.0 = Release|Any CPU
	EndGlobalSection
	GlobalSection(SolutionProperties) = preSolution
		HideSolutionNode = FALSE
	EndGlobalSection
	GlobalSection(ExtensibilityGlobals) = postSolution
		SolutionGuid = {7BFDCE96-2CF8-4B79-BF4C-5BB94539E9E9}
	EndGlobalSection
EndGlobal
